
Microsoft Visual Studio Solution File, Format Version 12.00
# Visual Studio Version 17
VisualStudioVersion = 17.5.002.0
MinimumVisualStudioVersion = 10.0.40219.1
Project("{9A19103F-16F7-4668-BE54-9A1E7A4F7556}") = "Test", "Test.csproj", "{14BD7B28-944E-4581-B487-7DD53CFB849A}"
EndProject
Global
	GlobalSection(SolutionConfigurationPlatforms) = preSolution
		Debug|Any CPU = Debug|Any CPU
		Release|Any CPU = Release|Any CPU
	EndGlobalSection
	GlobalSection(ProjectConfigurationPlatforms) = postSolution
		{14BD7B28-944E-4581-B487-7DD53CFB849A}.Debug|Any CPU.ActiveCfg = Debug|Any CPU
		{14BD7B28-944E-4581-B487-7DD53CFB849A}.Debug|Any CPU.Build.0 = Debug|Any CPU
		{14BD7B28-944E-4581-B487-7DD53CFB849A}.Release|Any CPU.ActiveCfg = Release|Any CPU
		{14BD7B28-944E-4581-B487-7DD53CFB849A}.Release|Any CPU.Build.0 = Release|Any CPU
	EndGlobalSection
	GlobalSection(SolutionProperties) = preSolution
		HideSolutionNode = FALSE
	EndGlobalSection
	GlobalSection(ExtensibilityGlobals) = postSolution
		SolutionGuid = {DB3BB871-D02E-45E7-9ADB-EE2F2CE89B3B}
	EndGlobalSection
EndGlobal
